
Microsoft Visual Studio Solution File, Format Version 12.00
# Visual Studio Version 16
VisualStudioVersion = 16.0.29609.76
MinimumVisualStudioVersion = 10.0.40219.1
Project("{9A19103F-16F7-4668-BE54-9A1E7A4F7556}") = "WebApi", "WebApi\WebApi.csproj", "{05339777-EBA4-4980-B4BF-5E4E90969C81}"
EndProject
Project("{9A19103F-16F7-4668-BE54-9A1E7A4F7556}") = "WebApiCommon", "WebApiCommonn\WebApiCommon.csproj", "{45399C63-BBC6-40A2-B45E-79BAFABF0402}"
EndProject
Project("{FAE04EC0-301F-11D3-BF4B-00C04F79EFBC}") = "WebAppMVC", "WebAppMVC\WebAppMVC.csproj", "{C237E6FA-11DC-4760-9306-D7D89177F590}"
EndProject
Global
	GlobalSection(SolutionConfigurationPlatforms) = preSolution
		Debug|Any CPU = Debug|Any CPU
		Release|Any CPU = Release|Any CPU
	EndGlobalSection
	GlobalSection(ProjectConfigurationPlatforms) = postSolution
		{05339777-EBA4-4980-B4BF-5E4E90969C81}.Debug|Any CPU.ActiveCfg = Debug|Any CPU
		{05339777-EBA4-4980-B4BF-5E4E90969C81}.Debug|Any CPU.Build.0 = Debug|Any CPU
		{05339777-EBA4-4980-B4BF-5E4E90969C81}.Release|Any CPU.ActiveCfg = Release|Any CPU
		{05339777-EBA4-4980-B4BF-5E4E90969C81}.Release|Any CPU.Build.0 = Release|Any CPU
		{45399C63-BBC6-40A2-B45E-79BAFABF0402}.Debug|Any CPU.ActiveCfg = Debug|Any CPU
		{45399C63-BBC6-40A2-B45E-79BAFABF0402}.Debug|Any CPU.Build.0 = Debug|Any CPU
		{45399C63-BBC6-40A2-B45E-79BAFABF0402}.Release|Any CPU.ActiveCfg = Release|Any CPU
		{45399C63-BBC6-40A2-B45E-79BAFABF0402}.Release|Any CPU.Build.0 = Release|Any CPU
		{C237E6FA-11DC-4760-9306-D7D89177F590}.Debug|Any CPU.ActiveCfg = Debug|Any CPU
		{C237E6FA-11DC-4760-9306-D7D89177F590}.Debug|Any CPU.Build.0 = Debug|Any CPU
		{C237E6FA-11DC-4760-9306-D7D89177F590}.Release|Any CPU.ActiveCfg = Release|Any CPU
		{C237E6FA-11DC-4760-9306-D7D89177F590}.Release|Any CPU.Build.0 = Release|Any CPU
	EndGlobalSection
	GlobalSection(SolutionProperties) = preSolution
		HideSolutionNode = FALSE
	EndGlobalSection
	GlobalSection(ExtensibilityGlobals) = postSolution
		SolutionGuid = {D0190B48-D606-4FBB-B516-6C9C1E7E9AFD}
	EndGlobalSection
EndGlobal
